
Microsoft Visual Studio Solution File, Format Version 12.00
# Visual Studio Version 16
VisualStudioVersion = 16.0.33130.400
MinimumVisualStudioVersion = 10.0.40219.1
Project("{9A19103F-16F7-4668-BE54-9A1E7A4F7556}") = "TwentyOne", "TwentyOne\TwentyOne.csproj", "{B31C5EF0-0DCD-45B7-9BD2-DAE022D4183C}"
EndProject
Project("{FAE04EC0-301F-11D3-BF4B-00C04F79EFBC}") = "Casino", "Casino\Casino.csproj", "{6DF98664-3DD9-4AE6-8CE5-B70AB902B235}"
EndProject
Global
	GlobalSection(SolutionConfigurationPlatforms) = preSolution
		Debug|Any CPU = Debug|Any CPU
		Release|Any CPU = Release|Any CPU
	EndGlobalSection
	GlobalSection(ProjectConfigurationPlatforms) = postSolution
		{B31C5EF0-0DCD-45B7-9BD2-DAE022D4183C}.Debug|Any CPU.ActiveCfg = Debug|Any CPU
		{B31C5EF0-0DCD-45B7-9BD2-DAE022D4183C}.Debug|Any CPU.Build.0 = Debug|Any CPU
		{B31C5EF0-0DCD-45B7-9BD2-DAE022D4183C}.Release|Any CPU.ActiveCfg = Release|Any CPU
		{B31C5EF0-0DCD-45B7-9BD2-DAE022D4183C}.Release|Any CPU.Build.0 = Release|Any CPU
		{6DF98664-3DD9-4AE6-8CE5-B70AB902B235}.Debug|Any CPU.ActiveCfg = Debug|Any CPU
		{6DF98664-3DD9-4AE6-8CE5-B70AB902B235}.Debug|Any CPU.Build.0 = Debug|Any CPU
		{6DF98664-3DD9-4AE6-8CE5-B70AB902B235}.Release|Any CPU.ActiveCfg = Release|Any CPU
		{6DF98664-3DD9-4AE6-8CE5-B70AB902B235}.Release|Any CPU.Build.0 = Release|Any CPU
	EndGlobalSection
	GlobalSection(SolutionProperties) = preSolution
		HideSolutionNode = FALSE
	EndGlobalSection
	GlobalSection(ExtensibilityGlobals) = postSolution
		SolutionGuid = {4AA62C56-3CF4-4C30-AA9B-716591DC156B}
	EndGlobalSection
EndGlobal
